
Microsoft Visual Studio Solution File, Format Version 12.00
# Visual Studio 15
Project("{FAE04EC0-301F-11D3-BF4B-00C04F79EFBC}") = "Unity.XR.Interaction.Toolkit.Samples.StarterAssets", "Unity.XR.Interaction.Toolkit.Samples.StarterAssets.csproj", "{722343CD-1596-939E-6008-9ED0CD08A9E5}"
EndProject
Project("{FAE04EC0-301F-11D3-BF4B-00C04F79EFBC}") = "Unity.XR.Interaction.Toolkit.Samples.Hands", "Unity.XR.Interaction.Toolkit.Samples.Hands.csproj", "{33FCBCF5-1FC0-D0A0-6C5F-BD35B68F67A3}"
EndProject
Project("{FAE04EC0-301F-11D3-BF4B-00C04F79EFBC}") = "Assembly-CSharp", "Assembly-CSharp.csproj", "{28EFB032-BB12-E7F0-6357-1B9DF498D386}"
EndProject
Project("{FAE04EC0-301F-11D3-BF4B-00C04F79EFBC}") = "Assembly-CSharp-Editor", "Assembly-CSharp-Editor.csproj", "{5B024B9E-8F6F-E673-FB93-13FA9B36FCD8}"
EndProject
Project("{FAE04EC0-301F-11D3-BF4B-00C04F79EFBC}") = "Unity.XR.Interaction.Toolkit.Samples.DeviceSimulator", "Unity.XR.Interaction.Toolkit.Samples.DeviceSimulator.csproj", "{0B21F37C-6E84-4AC4-569F-B45692962FBA}"
EndProject
Project("{FAE04EC0-301F-11D3-BF4B-00C04F79EFBC}") = "Unity.XR.Interaction.Toolkit.Samples.StarterAssets.Editor", "Unity.XR.Interaction.Toolkit.Samples.StarterAssets.Editor.csproj", "{253A6ABE-1DD1-F7B0-C301-020FF8820A73}"
EndProject
Project("{FAE04EC0-301F-11D3-BF4B-00C04F79EFBC}") = "Unity.XR.Hands.Samples.VisualizerSample", "Unity.XR.Hands.Samples.VisualizerSample.csproj", "{649C3A51-9620-A08C-6898-536979F3B134}"
EndProject
Project("{FAE04EC0-301F-11D3-BF4B-00C04F79EFBC}") = "Unity.XR.Interaction.Toolkit.Samples.Hands.Editor", "Unity.XR.Interaction.Toolkit.Samples.Hands.Editor.csproj", "{913AB700-A3C8-D7FF-9377-FE6DEA79A969}"
EndProject
Global
	GlobalSection(SolutionConfigurationPlatforms) = preSolution
		Debug|Any CPU = Debug|Any CPU
		Release|Any CPU = Release|Any CPU
	EndGlobalSection
	GlobalSection(ProjectConfigurationPlatforms) = postSolution
		{722343CD-1596-939E-6008-9ED0CD08A9E5}.Debug|Any CPU.ActiveCfg = Debug|Any CPU
		{722343CD-1596-939E-6008-9ED0CD08A9E5}.Debug|Any CPU.Build.0 = Debug|Any CPU
		{722343CD-1596-939E-6008-9ED0CD08A9E5}.Release|Any CPU.ActiveCfg = Release|Any CPU
		{722343CD-1596-939E-6008-9ED0CD08A9E5}.Release|Any CPU.Build.0 = Release|Any CPU
		{33FCBCF5-1FC0-D0A0-6C5F-BD35B68F67A3}.Debug|Any CPU.ActiveCfg = Debug|Any CPU
		{33FCBCF5-1FC0-D0A0-6C5F-BD35B68F67A3}.Debug|Any CPU.Build.0 = Debug|Any CPU
		{33FCBCF5-1FC0-D0A0-6C5F-BD35B68F67A3}.Release|Any CPU.ActiveCfg = Release|Any CPU
		{33FCBCF5-1FC0-D0A0-6C5F-BD35B68F67A3}.Release|Any CPU.Build.0 = Release|Any CPU
		{28EFB032-BB12-E7F0-6357-1B9DF498D386}.Debug|Any CPU.ActiveCfg = Debug|Any CPU
		{28EFB032-BB12-E7F0-6357-1B9DF498D386}.Debug|Any CPU.Build.0 = Debug|Any CPU
		{28EFB032-BB12-E7F0-6357-1B9DF498D386}.Release|Any CPU.ActiveCfg = Release|Any CPU
		{28EFB032-BB12-E7F0-6357-1B9DF498D386}.Release|Any CPU.Build.0 = Release|Any CPU
		{5B024B9E-8F6F-E673-FB93-13FA9B36FCD8}.Debug|Any CPU.ActiveCfg = Debug|Any CPU
		{5B024B9E-8F6F-E673-FB93-13FA9B36FCD8}.Debug|Any CPU.Build.0 = Debug|Any CPU
		{5B024B9E-8F6F-E673-FB93-13FA9B36FCD8}.Release|Any CPU.ActiveCfg = Release|Any CPU
		{5B024B9E-8F6F-E673-FB93-13FA9B36FCD8}.Release|Any CPU.Build.0 = Release|Any CPU
		{0B21F37C-6E84-4AC4-569F-B45692962FBA}.Debug|Any CPU.ActiveCfg = Debug|Any CPU
		{0B21F37C-6E84-4AC4-569F-B45692962FBA}.Debug|Any CPU.Build.0 = Debug|Any CPU
		{0B21F37C-6E84-4AC4-569F-B45692962FBA}.Release|Any CPU.ActiveCfg = Release|Any CPU
		{0B21F37C-6E84-4AC4-569F-B45692962FBA}.Release|Any CPU.Build.0 = Release|Any CPU
		{253A6ABE-1DD1-F7B0-C301-020FF8820A73}.Debug|Any CPU.ActiveCfg = Debug|Any CPU
		{253A6ABE-1DD1-F7B0-C301-020FF8820A73}.Debug|Any CPU.Build.0 = Debug|Any CPU
		{253A6ABE-1DD1-F7B0-C301-020FF8820A73}.Release|Any CPU.ActiveCfg = Release|Any CPU
		{253A6ABE-1DD1-F7B0-C301-020FF8820A73}.Release|Any CPU.Build.0 = Release|Any CPU
		{649C3A51-9620-A08C-6898-536979F3B134}.Debug|Any CPU.ActiveCfg = Debug|Any CPU
		{649C3A51-9620-A08C-6898-536979F3B134}.Debug|Any CPU.Build.0 = Debug|Any CPU
		{649C3A51-9620-A08C-6898-536979F3B134}.Release|Any CPU.ActiveCfg = Release|Any CPU
		{649C3A51-9620-A08C-6898-536979F3B134}.Release|Any CPU.Build.0 = Release|Any CPU
		{913AB700-A3C8-D7FF-9377-FE6DEA79A969}.Debug|Any CPU.ActiveCfg = Debug|Any CPU
		{913AB700-A3C8-D7FF-9377-FE6DEA79A969}.Debug|Any CPU.Build.0 = Debug|Any CPU
		{913AB700-A3C8-D7FF-9377-FE6DEA79A969}.Release|Any CPU.ActiveCfg = Release|Any CPU
		{913AB700-A3C8-D7FF-9377-FE6DEA79A969}.Release|Any CPU.Build.0 = Release|Any CPU
	EndGlobalSection
	GlobalSection(SolutionProperties) = preSolution
		HideSolutionNode = FALSE
	EndGlobalSection
EndGlobal
